Microsoft Visual Studio Solution File, Format Version 12.00
# Visual Studio Version 17
VisualStudioVersion = 17.11.35208.52
MinimumVisualStudioVersion = 10.0.40219.1
Project("{FAE04EC0-301F-11D3-BF4B-00C04F79EFBC}") = "GalArc", "GalArc\GalArc.csproj", "{6389DD87-4898-4CD5-8E16-4BCB030F925B}"
EndProject
Project("{FAE04EC0-301F-11D3-BF4B-00C04F79EFBC}") = "GalArc.Generator", "GalArc.Generator\GalArc.Generator.csproj", "{11EA4F63-BD9A-4F94-A9F7-A27A8304C940}"
EndProject
Global
	GlobalSection(SolutionConfigurationPlatforms) = preSolution
		Debug|Any CPU = Debug|Any CPU
		Release|Any CPU = Release|Any CPU
	EndGlobalSection
	GlobalSection(ProjectConfigurationPlatforms) = postSolution
		{6389DD87-4898-4CD5-8E16-4BCB030F925B}.Debug|Any CPU.ActiveCfg = Debug|Any CPU
		{6389DD87-4898-4CD5-8E16-4BCB030F925B}.Debug|Any CPU.Build.0 = Debug|Any CPU
		{6389DD87-4898-4CD5-8E16-4BCB030F925B}.Release|Any CPU.ActiveCfg = Release|Any CPU
		{6389DD87-4898-4CD5-8E16-4BCB030F925B}.Release|Any CPU.Build.0 = Release|Any CPU
		{11EA4F63-BD9A-4F94-A9F7-A27A8304C940}.Debug|Any CPU.ActiveCfg = Debug|Any CPU
		{11EA4F63-BD9A-4F94-A9F7-A27A8304C940}.Debug|Any CPU.Build.0 = Debug|Any CPU
		{11EA4F63-BD9A-4F94-A9F7-A27A8304C940}.Release|Any CPU.ActiveCfg = Release|Any CPU
		{11EA4F63-BD9A-4F94-A9F7-A27A8304C940}.Release|Any CPU.Build.0 = Release|Any CPU
	EndGlobalSection
	GlobalSection(SolutionProperties) = preSolution
		HideSolutionNode = FALSE
	EndGlobalSection
	GlobalSection(ExtensibilityGlobals) = postSolution
		SolutionGuid = {1140EC84-F5BC-49D4-884C-0E4C7EA12EC3}
	EndGlobalSection
EndGlobal
